
Microsoft Visual Studio Solution File, Format Version 12.00
# Visual Studio 15
VisualStudioVersion = 15.0.27428.2043
MinimumVisualStudioVersion = 10.0.40219.1
Project("{FAE04EC0-301F-11D3-BF4B-00C04F79EFBC}") = "StokProgram", "StokProgram\StokProgram.csproj", "{5331ED3B-941E-4FE3-90DD-349D5DF3D466}"
EndProject
Project("{FAE04EC0-301F-11D3-BF4B-00C04F79EFBC}") = "StokProgramTestProje", "StokProgramTestProje\StokProgramTestProje.csproj", "{368218F7-DBE7-4227-9E69-30F7D6DECBE9}"
EndProject
Global
	GlobalSection(SolutionConfigurationPlatforms) = preSolution
		Debug|Any CPU = Debug|Any CPU
		Release|Any CPU = Release|Any CPU
	EndGlobalSection
	GlobalSection(ProjectConfigurationPlatforms) = postSolution
		{5331ED3B-941E-4FE3-90DD-349D5DF3D466}.Debug|Any CPU.ActiveCfg = Debug|Any CPU
		{5331ED3B-941E-4FE3-90DD-349D5DF3D466}.Debug|Any CPU.Build.0 = Debug|Any CPU
		{5331ED3B-941E-4FE3-90DD-349D5DF3D466}.Release|Any CPU.ActiveCfg = Release|Any CPU
		{5331ED3B-941E-4FE3-90DD-349D5DF3D466}.Release|Any CPU.Build.0 = Release|Any CPU
		{368218F7-DBE7-4227-9E69-30F7D6DECBE9}.Debug|Any CPU.ActiveCfg = Debug|Any CPU
		{368218F7-DBE7-4227-9E69-30F7D6DECBE9}.Debug|Any CPU.Build.0 = Debug|Any CPU
		{368218F7-DBE7-4227-9E69-30F7D6DECBE9}.Release|Any CPU.ActiveCfg = Release|Any CPU
		{368218F7-DBE7-4227-9E69-30F7D6DECBE9}.Release|Any CPU.Build.0 = Release|Any CPU
	EndGlobalSection
	GlobalSection(SolutionProperties) = preSolution
		HideSolutionNode = FALSE
	EndGlobalSection
	GlobalSection(ExtensibilityGlobals) = postSolution
		SolutionGuid = {B42A3635-9BA1-49D4-A9C9-F2DB7259D749}
	EndGlobalSection
EndGlobal
